github.com/davecgh/go-spew v1.1.1 h1:vj9j/u1bqnvCEfJOwUhtlOARqs3+rkHYY13jYWTU97c=
github.com/davecgh/go-spew v1.1.1/go.mod h1:J7Y8YcW2NihsgmVo/mv3lAwl/skON4iLHjSsI+c5H38=
github.com/yuichiro12/har v0.0.0-20181130035214-341e7d4cc580 h1:eXysXGUnNrZj9GnynGzGAql1qeMvkme/EKUqyQ968zk=
github.com/yuichiro12/har v0.0.0-20181130035214-341e7d4cc580/go.mod h1:zllV73hZxacZAX3ZU61nktaOKFOOP8hE/9YBvgriaBI=
